
Microsoft Visual Studio Solution File, Format Version 12.00
# Visual Studio 15
VisualStudioVersion = 15.0.27130.2027
MinimumVisualStudioVersion = 10.0.40219.1
Project("{8BC9CEB8-8B4A-11D0-8D11-00A0C91BC942}") = "BinaryTree", "BinaryTree\BinaryTree.vcxproj", "{E872528B-3964-4AFE-B473-3394D320D4DD}"
EndProject
Global
	GlobalSection(SolutionConfigurationPlatforms) = preSolution
		Debug|x64 = Debug|x64
		Debug|x86 = Debug|x86
		Release|x64 = Release|x64
		Release|x86 = Release|x86
	EndGlobalSection
	GlobalSection(ProjectConfigurationPlatforms) = postSolution
		{E872528B-3964-4AFE-B473-3394D320D4DD}.Debug|x64.ActiveCfg = Debug|x64
		{E872528B-3964-4AFE-B473-3394D320D4DD}.Debug|x64.Build.0 = Debug|x64
		{E872528B-3964-4AFE-B473-3394D320D4DD}.Debug|x86.ActiveCfg = Debug|Win32
		{E872528B-3964-4AFE-B473-3394D320D4DD}.Debug|x86.Build.0 = Debug|Win32
		{E872528B-3964-4AFE-B473-3394D320D4DD}.Release|x64.ActiveCfg = Release|x64
		{E872528B-3964-4AFE-B473-3394D320D4DD}.Release|x64.Build.0 = Release|x64
		{E872528B-3964-4AFE-B473-3394D320D4DD}.Release|x86.ActiveCfg = Release|Win32
		{E872528B-3964-4AFE-B473-3394D320D4DD}.Release|x86.Build.0 = Release|Win32
	EndGlobalSection
	GlobalSection(SolutionProperties) = preSolution
		HideSolutionNode = FALSE
	EndGlobalSection
	GlobalSection(ExtensibilityGlobals) = postSolution
		SolutionGuid = {48489C7A-EBFB-4111-8C5A-E140C3AE532A}
	EndGlobalSection
EndGlobal
